
Microsoft Visual Studio Solution File, Format Version 12.00
# Visual Studio 15
VisualStudioVersion = 15.0.27428.2005
MinimumVisualStudioVersion = 10.0.40219.1
Project("{8BC9CEB8-8B4A-11D0-8D11-00A0C91BC942}") = "Step2_1", "Step2_1\Step2_1.vcxproj", "{173D1A28-1FAF-4372-9F6C-B1D96E6BDEA1}"
EndProject
Project("{8BC9CEB8-8B4A-11D0-8D11-00A0C91BC942}") = "Step2_3", "Step2_3\Step2_3.vcxproj", "{575D9840-3612-451B-9354-B6244CFCEFD0}"
EndProject
Project("{8BC9CEB8-8B4A-11D0-8D11-00A0C91BC942}") = "1DV534.S2.L1", "1DV534.S2.L1\1DV534.S2.L1.vcxproj", "{B788550E-A0CC-4ACB-9C55-73AFF85938FC}"
EndProject
Project("{8BC9CEB8-8B4A-11D0-8D11-00A0C91BC942}") = "1DV534.S2.L3", "1DV534.S2.L3\1DV534.S2.L3.vcxproj", "{EE2890B9-9D4F-4CBE-9B01-9054533F6EAC}"
EndProject
Global
	GlobalSection(SolutionConfigurationPlatforms) = preSolution
		Debug|x64 = Debug|x64
		Debug|x86 = Debug|x86
		Release|x64 = Release|x64
		Release|x86 = Release|x86
	EndGlobalSection
	GlobalSection(ProjectConfigurationPlatforms) = postSolution
		{173D1A28-1FAF-4372-9F6C-B1D96E6BDEA1}.Debug|x64.ActiveCfg = Debug|x64
		{173D1A28-1FAF-4372-9F6C-B1D96E6BDEA1}.Debug|x64.Build.0 = Debug|x64
		{173D1A28-1FAF-4372-9F6C-B1D96E6BDEA1}.Debug|x86.ActiveCfg = Debug|Win32
		{173D1A28-1FAF-4372-9F6C-B1D96E6BDEA1}.Debug|x86.Build.0 = Debug|Win32
		{173D1A28-1FAF-4372-9F6C-B1D96E6BDEA1}.Release|x64.ActiveCfg = Release|x64
		{173D1A28-1FAF-4372-9F6C-B1D96E6BDEA1}.Release|x64.Build.0 = Release|x64
		{173D1A28-1FAF-4372-9F6C-B1D96E6BDEA1}.Release|x86.ActiveCfg = Release|Win32
		{173D1A28-1FAF-4372-9F6C-B1D96E6BDEA1}.Release|x86.Build.0 = Release|Win32
		{575D9840-3612-451B-9354-B6244CFCEFD0}.Debug|x64.ActiveCfg = Debug|x64
		{575D9840-3612-451B-9354-B6244CFCEFD0}.Debug|x64.Build.0 = Debug|x64
		{575D9840-3612-451B-9354-B6244CFCEFD0}.Debug|x86.ActiveCfg = Debug|Win32
		{575D9840-3612-451B-9354-B6244CFCEFD0}.Debug|x86.Build.0 = Debug|Win32
		{575D9840-3612-451B-9354-B6244CFCEFD0}.Release|x64.ActiveCfg = Release|x64
		{575D9840-3612-451B-9354-B6244CFCEFD0}.Release|x64.Build.0 = Release|x64
		{575D9840-3612-451B-9354-B6244CFCEFD0}.Release|x86.ActiveCfg = Release|Win32
		{575D9840-3612-451B-9354-B6244CFCEFD0}.Release|x86.Build.0 = Release|Win32
		{B788550E-A0CC-4ACB-9C55-73AFF85938FC}.Debug|x64.ActiveCfg = Debug|x64
		{B788550E-A0CC-4ACB-9C55-73AFF85938FC}.Debug|x64.Build.0 = Debug|x64
		{B788550E-A0CC-4ACB-9C55-73AFF85938FC}.Debug|x86.ActiveCfg = Debug|Win32
		{B788550E-A0CC-4ACB-9C55-73AFF85938FC}.Debug|x86.Build.0 = Debug|Win32
		{B788550E-A0CC-4ACB-9C55-73AFF85938FC}.Release|x64.ActiveCfg = Release|x64
		{B788550E-A0CC-4ACB-9C55-73AFF85938FC}.Release|x64.Build.0 = Release|x64
		{B788550E-A0CC-4ACB-9C55-73AFF85938FC}.Release|x86.ActiveCfg = Release|Win32
		{B788550E-A0CC-4ACB-9C55-73AFF85938FC}.Release|x86.Build.0 = Release|Win32
		{EE2890B9-9D4F-4CBE-9B01-9054533F6EAC}.Debug|x64.ActiveCfg = Debug|x64
		{EE2890B9-9D4F-4CBE-9B01-9054533F6EAC}.Debug|x64.Build.0 = Debug|x64
		{EE2890B9-9D4F-4CBE-9B01-9054533F6EAC}.Debug|x86.ActiveCfg = Debug|Win32
		{EE2890B9-9D4F-4CBE-9B01-9054533F6EAC}.Debug|x86.Build.0 = Debug|Win32
		{EE2890B9-9D4F-4CBE-9B01-9054533F6EAC}.Release|x64.ActiveCfg = Release|x64
		{EE2890B9-9D4F-4CBE-9B01-9054533F6EAC}.Release|x64.Build.0 = Release|x64
		{EE2890B9-9D4F-4CBE-9B01-9054533F6EAC}.Release|x86.ActiveCfg = Release|Win32
		{EE2890B9-9D4F-4CBE-9B01-9054533F6EAC}.Release|x86.Build.0 = Release|Win32
	EndGlobalSection
	GlobalSection(SolutionProperties) = preSolution
		HideSolutionNode = FALSE
	EndGlobalSection
	GlobalSection(ExtensibilityGlobals) = postSolution
		SolutionGuid = {0519DBF8-948A-4B98-B979-DA6C4CAF8BF2}
	EndGlobalSection
EndGlobal
